
Microsoft Visual Studio Solution File, Format Version 12.00
# Visual Studio 15
VisualStudioVersion = 15.0.27428.2015
MinimumVisualStudioVersion = 10.0.40219.1
Project("{2150E333-8FDC-42A3-9474-1A3956D46DE8}") = "Data", "Data", "{30FA24AD-E833-4980-A81C-B3BE9FF32E21}"
EndProject
Project("{FAE04EC0-301F-11D3-BF4B-00C04F79EFBC}") = "DataAccessLayer", "DataAccessLayer\DataAccessLayer.csproj", "{2956C78F-51F5-4F4E-932C-8EC68E7B9DB8}"
EndProject
Project("{2150E333-8FDC-42A3-9474-1A3956D46DE8}") = "Domain", "Domain", "{8DDA0D4E-AFD3-4F75-84C1-1672EB0003B3}"
EndProject
Project("{FAE04EC0-301F-11D3-BF4B-00C04F79EFBC}") = "Domain.Model", "Domain.Model\Domain.Model.csproj", "{2DE24505-C02B-4D4D-B1AA-ACBF0B07DB48}"
EndProject
Global
	GlobalSection(SolutionConfigurationPlatforms) = preSolution
		Debug|Any CPU = Debug|Any CPU
		Release|Any CPU = Release|Any CPU
	EndGlobalSection
	GlobalSection(ProjectConfigurationPlatforms) = postSolution
		{2956C78F-51F5-4F4E-932C-8EC68E7B9DB8}.Debug|Any CPU.ActiveCfg = Debug|Any CPU
		{2956C78F-51F5-4F4E-932C-8EC68E7B9DB8}.Debug|Any CPU.Build.0 = Debug|Any CPU
		{2956C78F-51F5-4F4E-932C-8EC68E7B9DB8}.Release|Any CPU.ActiveCfg = Release|Any CPU
		{2956C78F-51F5-4F4E-932C-8EC68E7B9DB8}.Release|Any CPU.Build.0 = Release|Any CPU
		{2DE24505-C02B-4D4D-B1AA-ACBF0B07DB48}.Debug|Any CPU.ActiveCfg = Debug|Any CPU
		{2DE24505-C02B-4D4D-B1AA-ACBF0B07DB48}.Debug|Any CPU.Build.0 = Debug|Any CPU
		{2DE24505-C02B-4D4D-B1AA-ACBF0B07DB48}.Release|Any CPU.ActiveCfg = Release|Any CPU
		{2DE24505-C02B-4D4D-B1AA-ACBF0B07DB48}.Release|Any CPU.Build.0 = Release|Any CPU
	EndGlobalSection
	GlobalSection(SolutionProperties) = preSolution
		HideSolutionNode = FALSE
	EndGlobalSection
	GlobalSection(NestedProjects) = preSolution
		{2956C78F-51F5-4F4E-932C-8EC68E7B9DB8} = {30FA24AD-E833-4980-A81C-B3BE9FF32E21}
		{2DE24505-C02B-4D4D-B1AA-ACBF0B07DB48} = {8DDA0D4E-AFD3-4F75-84C1-1672EB0003B3}
	EndGlobalSection
	GlobalSection(ExtensibilityGlobals) = postSolution
		SolutionGuid = {8B08970E-8C28-4781-8034-1C084F69F622}
	EndGlobalSection
EndGlobal
